
Microsoft Visual Studio Solution File, Format Version 12.00
# Visual Studio Version 17
VisualStudioVersion = 17.3.32825.248
MinimumVisualStudioVersion = 10.0.40219.1
Project("{9A19103F-16F7-4668-BE54-9A1E7A4F7556}") = "Lab4", "Lab4\Lab4.csproj", "{1DD96239-82A7-4AA1-B858-E383E3675D00}"
EndProject
Project("{FAE04EC0-301F-11D3-BF4B-00C04F79EFBC}") = "Internet", "Internet\Internet.csproj", "{BFD649F7-EEDD-4482-ACAC-2BB9257F4670}"
EndProject
Global
	GlobalSection(SolutionConfigurationPlatforms) = preSolution
		Debug|Any CPU = Debug|Any CPU
		Release|Any CPU = Release|Any CPU
	EndGlobalSection
	GlobalSection(ProjectConfigurationPlatforms) = postSolution
		{1DD96239-82A7-4AA1-B858-E383E3675D00}.Debug|Any CPU.ActiveCfg = Debug|Any CPU
		{1DD96239-82A7-4AA1-B858-E383E3675D00}.Debug|Any CPU.Build.0 = Debug|Any CPU
		{1DD96239-82A7-4AA1-B858-E383E3675D00}.Release|Any CPU.ActiveCfg = Release|Any CPU
		{1DD96239-82A7-4AA1-B858-E383E3675D00}.Release|Any CPU.Build.0 = Release|Any CPU
		{BFD649F7-EEDD-4482-ACAC-2BB9257F4670}.Debug|Any CPU.ActiveCfg = Debug|Any CPU
		{BFD649F7-EEDD-4482-ACAC-2BB9257F4670}.Debug|Any CPU.Build.0 = Debug|Any CPU
		{BFD649F7-EEDD-4482-ACAC-2BB9257F4670}.Release|Any CPU.ActiveCfg = Release|Any CPU
		{BFD649F7-EEDD-4482-ACAC-2BB9257F4670}.Release|Any CPU.Build.0 = Release|Any CPU
	EndGlobalSection
	GlobalSection(SolutionProperties) = preSolution
		HideSolutionNode = FALSE
	EndGlobalSection
	GlobalSection(ExtensibilityGlobals) = postSolution
		SolutionGuid = {91133575-8F2A-4922-A4B0-610B3D2AFA22}
	EndGlobalSection
EndGlobal
